// !$*UTF8*$!
{
	archiveVersion = 1;
	classes = {
	};
	objectVersion = 55;
	objects = {

/* Begin PBXBuildFile section */
		753E053B279BC1AE004F348B /* Main Menu.swift in Sources */ = {isa = PBXBuildFile; fileRef = 753E053A279BC1AE004F348B /* Main Menu.swift */; };
		755FD55A284DD967009BE2A7 /* TestModel.xcdatamodeld in Sources */ = {isa = PBXBuildFile; fileRef = 755FD558284DD967009BE2A7 /* TestModel.xcdatamodeld */; };
		755FD55C284DDB45009BE2A7 /* ToDoListItem.swift in Sources */ = {isa = PBXBuildFile; fileRef = 755FD55B284DDB44009BE2A7 /* ToDoListItem.swift */; };
		75696C3B2807D6330011B6D4 /* Meditation.swift in Sources */ = {isa = PBXBuildFile; fileRef = 75696C3A2807D6330011B6D4 /* Meditation.swift */; };
		75696C3F2807D9040011B6D4 /* Settings.swift in Sources */ = {isa = PBXBuildFile; fileRef = 75696C3E2807D9040011B6D4 /* Settings.swift */; };
		757B937C2793D75300DC0E42 /* PathwayApp.swift in Sources */ = {isa = PBXBuildFile; fileRef = 757B937B2793D75300DC0E42 /* PathwayApp.swift */; };
		757B937E2793D75300DC0E42 /* WelcomeView.swift in Sources */ = {isa = PBXBuildFile; fileRef = 757B937D2793D75300DC0E42 /* WelcomeView.swift */; };
		757B93802793D75400DC0E42 /* Assets.xcassets in Resources */ = {isa = PBXBuildFile; fileRef = 757B937F2793D75400DC0E42 /* Assets.xcassets */; };
		757B93832793D75400DC0E42 /* Preview Assets.xcassets in Resources */ = {isa = PBXBuildFile; fileRef = 757B93822793D75400DC0E42 /* Preview Assets.xcassets */; };
		75861CED284F5450001EDABD /* Meditationtutorial.swift in Sources */ = {isa = PBXBuildFile; fileRef = 75861CEC284F5450001EDABD /* Meditationtutorial.swift */; };
		75882C892812424B00B9A555 /* MyTasks.swift in Sources */ = {isa = PBXBuildFile; fileRef = 75882C882812424B00B9A555 /* MyTasks.swift */; };
		75988CE827ABBD980064669C /* Chatbot.swift in Sources */ = {isa = PBXBuildFile; fileRef = 75988CE727ABBD980064669C /* Chatbot.swift */; };
		75988CEE27ABC0140064669C /* BotResponse.swift in Sources */ = {isa = PBXBuildFile; fileRef = 75988CED27ABC0140064669C /* BotResponse.swift */; };
		75C7120A28419DC700AC8124 /* MyMotivation.swift in Sources */ = {isa = PBXBuildFile; fileRef = 75C7120928419DC700AC8124 /* MyMotivation.swift */; };
		75D1C0C8281B7E6E00D9D282 /* MyDiary.swift in Sources */ = {isa = PBXBuildFile; fileRef = 75D1C0C7281B7E6E00D9D282 /* MyDiary.swift */; };
		75F5366D2838CA66009A6465 /* Meditationtimer.swift in Sources */ = {isa = PBXBuildFile; fileRef = 75F5366C2838CA66009A6465 /* Meditationtimer.swift */; };
		75FD2BE0279A7E240085C02E /* Signup.swift in Sources */ = {isa = PBXBuildFile; fileRef = 75FD2BDF279A7E240085C02E /* Signup.swift */; };
/* End PBXBuildFile section */

/* Begin PBXFileReference section */
		753E053A279BC1AE004F348B /* Main Menu.swift */ = {isa = PBXFileReference; lastKnownFileType = sourcecode.swift; path = "Main Menu.swift"; sourceTree = "<group>"; };
		755FD559284DD967009BE2A7 /* TestModel.xcdatamodel */ = {isa = PBXFileReference; lastKnownFileType = wrapper.xcdatamodel; path = TestModel.xcdatamodel; sourceTree = "<group>"; };
		755FD55B284DDB44009BE2A7 /* ToDoListItem.swift */ = {isa = PBXFileReference; lastKnownFileType = sourcecode.swift; path = ToDoListItem.swift; sourceTree = "<group>"; };
		75696C3A2807D6330011B6D4 /* Meditation.swift */ = {isa = PBXFileReference; lastKnownFileType = sourcecode.swift; path = Meditation.swift; sourceTree = "<group>"; };
		75696C3E2807D9040011B6D4 /* Settings.swift */ = {isa = PBXFileReference; lastKnownFileType = sourcecode.swift; path = Settings.swift; sourceTree = "<group>"; };
		757B93782793D75300DC0E42 /* Pathway.app */ = {isa = PBXFileReference; explicitFileType = wrapper.application; includeInIndex = 0; path = Pathway.app; sourceTree = BUILT_PRODUCTS_DIR; };
		757B937B2793D75300DC0E42 /* PathwayApp.swift */ = {isa = PBXFileReference; lastKnownFileType = sourcecode.swift; path = PathwayApp.swift; sourceTree = "<group>"; };
		757B937D2793D75300DC0E42 /* WelcomeView.swift */ = {isa = PBXFileReference; lastKnownFileType = sourcecode.swift; path = WelcomeView.swift; sourceTree = "<group>"; };
		757B937F2793D75400DC0E42 /* Assets.xcassets */ = {isa = PBXFileReference; lastKnownFileType = folder.assetcatalog; path = Assets.xcassets; sourceTree = "<group>"; };
		757B93822793D75400DC0E42 /* Preview Assets.xcassets */ = {isa = PBXFileReference; lastKnownFileType = folder.assetcatalog; path = "Preview Assets.xcassets"; sourceTree = "<group>"; };
		75861CEC284F5450001EDABD /* Meditationtutorial.swift */ = {isa = PBXFileReference; lastKnownFileType = sourcecode.swift; path = Meditationtutorial.swift; sourceTree = "<group>"; };
		75882C882812424B00B9A555 /* MyTasks.swift */ = {isa = PBXFileReference; lastKnownFileType = sourcecode.swift; path = MyTasks.swift; sourceTree = "<group>"; };
		75988CE727ABBD980064669C /* Chatbot.swift */ = {isa = PBXFileReference; lastKnownFileType = sourcecode.swift; path = Chatbot.swift; sourceTree = "<group>"; };
		75988CED27ABC0140064669C /* BotResponse.swift */ = {isa = PBXFileReference; lastKnownFileType = sourcecode.swift; path = BotResponse.swift; sourceTree = "<group>"; };
		75C233AD28330D0E00D5B406 /* Info.plist */ = {isa = PBXFileReference; lastKnownFileType = text.plist; path = Info.plist; sourceTree = "<group>"; };
		75C7120928419DC700AC8124 /* MyMotivation.swift */ = {isa = PBXFileReference; lastKnownFileType = sourcecode.swift; path = MyMotivation.swift; sourceTree = "<group>"; };
		75D1C0C7281B7E6E00D9D282 /* MyDiary.swift */ = {isa = PBXFileReference; lastKnownFileType = sourcecode.swift; path = MyDiary.swift; sourceTree = "<group>"; };
		75F5366C2838CA66009A6465 /* Meditationtimer.swift */ = {isa = PBXFileReference; lastKnownFileType = sourcecode.swift; path = Meditationtimer.swift; sourceTree = "<group>"; };
		75FD2BDF279A7E240085C02E /* Signup.swift */ = {isa = PBXFileReference; lastKnownFileType = sourcecode.swift; path = Signup.swift; sourceTree = "<group>"; };
/* End PBXFileReference section */

/* Begin PBXFrameworksBuildPhase section */
		757B93752793D75300DC0E42 /* Frameworks */ = {
			isa = PBXFrameworksBuildPhase;
			buildActionMask = 2147483647;
			files = (
			);
			runOnlyForDeploymentPostprocessing = 0;
		};
/* End PBXFrameworksBuildPhase section */

/* Begin PBXGroup section */
		757B936F2793D75300DC0E42 = {
			isa = PBXGroup;
			children = (
				757B937A2793D75300DC0E42 /* Pathway */,
				757B93792793D75300DC0E42 /* Products */,
			);
			sourceTree = "<group>";
		};
		757B93792793D75300DC0E42 /* Products */ = {
			isa = PBXGroup;
			children = (
				757B93782793D75300DC0E42 /* Pathway.app */,
			);
			name = Products;
			sourceTree = "<group>";
		};
		757B937A2793D75300DC0E42 /* Pathway */ = {
			isa = PBXGroup;
			children = (
				75C233AD28330D0E00D5B406 /* Info.plist */,
				757B937B2793D75300DC0E42 /* PathwayApp.swift */,
				757B937D2793D75300DC0E42 /* WelcomeView.swift */,
				75FD2BDF279A7E240085C02E /* Signup.swift */,
				753E053A279BC1AE004F348B /* Main Menu.swift */,
				75988CE727ABBD980064669C /* Chatbot.swift */,
				75988CED27ABC0140064669C /* BotResponse.swift */,
				75D1C0C7281B7E6E00D9D282 /* MyDiary.swift */,
				75696C3A2807D6330011B6D4 /* Meditation.swift */,
				75F5366C2838CA66009A6465 /* Meditationtimer.swift */,
				75861CEC284F5450001EDABD /* Meditationtutorial.swift */,
				75C7120928419DC700AC8124 /* MyMotivation.swift */,
				75882C882812424B00B9A555 /* MyTasks.swift */,
				75696C3E2807D9040011B6D4 /* Settings.swift */,
				755FD55B284DDB44009BE2A7 /* ToDoListItem.swift */,
				757B937F2793D75400DC0E42 /* Assets.xcassets */,
				755FD558284DD967009BE2A7 /* TestModel.xcdatamodeld */,
				757B93812793D75400DC0E42 /* Preview Content */,
			);
			path = Pathway;
			sourceTree = "<group>";
		};
		757B93812793D75400DC0E42 /* Preview Content */ = {
			isa = PBXGroup;
			children = (
				757B93822793D75400DC0E42 /* Preview Assets.xcassets */,
			);
			path = "Preview Content";
			sourceTree = "<group>";
		};
/* End PBXGroup section */

/* Begin PBXNativeTarget section */
		757B93772793D75300DC0E42 /* Pathway */ = {
			isa = PBXNativeTarget;
			buildConfigurationList = 757B93862793D75400DC0E42 /* Build configuration list for PBXNativeTarget "Pathway" */;
			buildPhases = (
				757B93742793D75300DC0E42 /* Sources */,
				757B93752793D75300DC0E42 /* Frameworks */,
				757B93762793D75300DC0E42 /* Resources */,
			);
			buildRules = (
			);
			dependencies = (
			);
			name = Pathway;
			productName = Pathway;
			productReference = 757B93782793D75300DC0E42 /* Pathway.app */;
			productType = "com.apple.product-type.application";
		};
/* End PBXNativeTarget section */

/* Begin PBXProject section */
		757B93702793D75300DC0E42 /* Project object */ = {
			isa = PBXProject;
			attributes = {
				BuildIndependentTargetsInParallel = 1;
				LastSwiftUpdateCheck = 1320;
				LastUpgradeCheck = 1320;
				TargetAttributes = {
					757B93772793D75300DC0E42 = {
						CreatedOnToolsVersion = 13.2.1;
					};
				};
			};
			buildConfigurationList = 757B93732793D75300DC0E42 /* Build configuration list for PBXProject "Pathway" */;
			compatibilityVersion = "Xcode 13.0";
			developmentRegion = en;
			hasScannedForEncodings = 0;
			knownRegions = (
				en,
				Base,
			);
			mainGroup = 757B936F2793D75300DC0E42;
			productRefGroup = 757B93792793D75300DC0E42 /* Products */;
			projectDirPath = "";
			projectRoot = "";
			targets = (
				757B93772793D75300DC0E42 /* Pathway */,
			);
		};
/* End PBXProject section */

/* Begin PBXResourcesBuildPhase section */
		757B93762793D75300DC0E42 /* Resources */ = {
			isa = PBXResourcesBuildPhase;
			buildActionMask = 2147483647;
			files = (
				757B93832793D75400DC0E42 /* Preview Assets.xcassets in Resources */,
				757B93802793D75400DC0E42 /* Assets.xcassets in Resources */,
			);
			runOnlyForDeploymentPostprocessing = 0;
		};
/* End PBXResourcesBuildPhase section */

/* Begin PBXSourcesBuildPhase section */
		757B93742793D75300DC0E42 /* Sources */ = {
			isa = PBXSourcesBuildPhase;
			buildActionMask = 2147483647;
			files = (
				75988CE827ABBD980064669C /* Chatbot.swift in Sources */,
				753E053B279BC1AE004F348B /* Main Menu.swift in Sources */,
				75988CEE27ABC0140064669C /* BotResponse.swift in Sources */,
				757B937E2793D75300DC0E42 /* WelcomeView.swift in Sources */,
				75861CED284F5450001EDABD /* Meditationtutorial.swift in Sources */,
				75696C3B2807D6330011B6D4 /* Meditation.swift in Sources */,
				75696C3F2807D9040011B6D4 /* Settings.swift in Sources */,
				75882C892812424B00B9A555 /* MyTasks.swift in Sources */,
				757B937C2793D75300DC0E42 /* PathwayApp.swift in Sources */,
				755FD55C284DDB45009BE2A7 /* ToDoListItem.swift in Sources */,
				75D1C0C8281B7E6E00D9D282 /* MyDiary.swift in Sources */,
				75C7120A28419DC700AC8124 /* MyMotivation.swift in Sources */,
				75FD2BE0279A7E240085C02E /* Signup.swift in Sources */,
				75F5366D2838CA66009A6465 /* Meditationtimer.swift in Sources */,
				755FD55A284DD967009BE2A7 /* TestModel.xcdatamodeld in Sources */,
			);
			runOnlyForDeploymentPostprocessing = 0;
		};
/* End PBXSourcesBuildPhase section */

/* Begin XCBuildConfiguration section */
		757B93842793D75400DC0E42 /* Debug */ = {
			isa = XCBuildConfiguration;
			buildSettings = {
				ALWAYS_SEARCH_USER_PATHS = NO;
				CLANG_ANALYZER_NONNULL = YES;
				CLANG_ANALYZER_NUMBER_OBJECT_CONVERSION = YES_AGGRESSIVE;
				CLANG_CXX_LANGUAGE_STANDARD = "gnu++17";
				CLANG_CXX_LIBRARY = "libc++";
				CLANG_ENABLE_MODULES = YES;
				CLANG_ENABLE_OBJC_ARC = YES;
				CLANG_ENABLE_OBJC_WEAK = YES;
				CLANG_WARN_BLOCK_CAPTURE_AUTORELEASING = YES;
				CLANG_WARN_BOOL_CONVERSION = YES;
				CLANG_WARN_COMMA = YES;
				CLANG_WARN_CONSTANT_CONVERSION = YES;
				CLANG_WARN_DEPRECATED_OBJC_IMPLEMENTATIONS = YES;
				CLANG_WARN_DIRECT_OBJC_ISA_USAGE = YES_ERROR;
				CLANG_WARN_DOCUMENTATION_COMMENTS = YES;
				CLANG_WARN_EMPTY_BODY = YES;
				CLANG_WARN_ENUM_CONVERSION = YES;
				CLANG_WARN_INFINITE_RECURSION = YES;
				CLANG_WARN_INT_CONVERSION = YES;
				CLANG_WARN_NON_LITERAL_NULL_CONVERSION = YES;
				CLANG_WARN_OBJC_IMPLICIT_RETAIN_SELF = YES;
				CLANG_WARN_OBJC_LITERAL_CONVERSION = YES;
				CLANG_WARN_OBJC_ROOT_CLASS = YES_ERROR;
				CLANG_WARN_QUOTED_INCLUDE_IN_FRAMEWORK_HEADER = YES;
				CLANG_WARN_RANGE_LOOP_ANALYSIS = YES;
				CLANG_WARN_STRICT_PROTOTYPES = YES;
				CLANG_WARN_SUSPICIOUS_MOVE = YES;
				CLANG_WARN_UNGUARDED_AVAILABILITY = YES_AGGRESSIVE;
				CLANG_WARN_UNREACHABLE_CODE = YES;
				CLANG_WARN__DUPLICATE_METHOD_MATCH = YES;
				COPY_PHASE_STRIP = NO;
				DEBUG_INFORMATION_FORMAT = dwarf;
				ENABLE_STRICT_OBJC_MSGSEND = YES;
				ENABLE_TESTABILITY = YES;
				GCC_C_LANGUAGE_STANDARD = gnu11;
				GCC_DYNAMIC_NO_PIC = NO;
				GCC_NO_COMMON_BLOCKS = YES;
				GCC_OPTIMIZATION_LEVEL = 0;
				GCC_PREPROCESSOR_DEFINITIONS = (
					"DEBUG=1",
					"$(inherited)",
				);
				GCC_WARN_64_TO_32_BIT_CONVERSION = YES;
				GCC_WARN_ABOUT_RETURN_TYPE = YES_ERROR;
				GCC_WARN_UNDECLARED_SELECTOR = YES;
				GCC_WARN_UNINITIALIZED_AUTOS = YES_AGGRESSIVE;
				GCC_WARN_UNUSED_FUNCTION = YES;
				GCC_WARN_UNUSED_VARIABLE = YES;
				IPHONEOS_DEPLOYMENT_TARGET = 15.2;
				MTL_ENABLE_DEBUG_INFO = INCLUDE_SOURCE;
				MTL_FAST_MATH = YES;
				ONLY_ACTIVE_ARCH = YES;
				SDKROOT = iphoneos;
				SWIFT_ACTIVE_COMPILATION_CONDITIONS = DEBUG;
				SWIFT_OPTIMIZATION_LEVEL = "-Onone";
			};
			name = Debug;
		};
		757B93852793D75400DC0E42 /* Release */ = {
			isa = XCBuildConfiguration;
			buildSettings = {
				ALWAYS_SEARCH_USER_PATHS = NO;
				CLANG_ANALYZER_NONNULL = YES;
				CLANG_ANALYZER_NUMBER_OBJECT_CONVERSION = YES_AGGRESSIVE;
				CLANG_CXX_LANGUAGE_STANDARD = "gnu++17";
				CLANG_CXX_LIBRARY = "libc++";
				CLANG_ENABLE_MODULES = YES;
				CLANG_ENABLE_OBJC_ARC = YES;
				CLANG_ENABLE_OBJC_WEAK = YES;
				CLANG_WARN_BLOCK_CAPTURE_AUTORELEASING = YES;
				CLANG_WARN_BOOL_CONVERSION = YES;
				CLANG_WARN_COMMA = YES;
				CLANG_WARN_CONSTANT_CONVERSION = YES;
				CLANG_WARN_DEPRECATED_OBJC_IMPLEMENTATIONS = YES;
				CLANG_WARN_DIRECT_OBJC_ISA_USAGE = YES_ERROR;
				CLANG_WARN_DOCUMENTATION_COMMENTS = YES;
				CLANG_WARN_EMPTY_BODY = YES;
				CLANG_WARN_ENUM_CONVERSION = YES;
				CLANG_WARN_INFINITE_RECURSION = YES;
				CLANG_WARN_INT_CONVERSION = YES;
				CLANG_WARN_NON_LITERAL_NULL_CONVERSION = YES;
				CLANG_WARN_OBJC_IMPLICIT_RETAIN_SELF = YES;
				CLANG_WARN_OBJC_LITERAL_CONVERSION = YES;
				CLANG_WARN_OBJC_ROOT_CLASS = YES_ERROR;
				CLANG_WARN_QUOTED_INCLUDE_IN_FRAMEWORK_HEADER = YES;
				CLANG_WARN_RANGE_LOOP_ANALYSIS = YES;
				CLANG_WARN_STRICT_PROTOTYPES = YES;
				CLANG_WARN_SUSPICIOUS_MOVE = YES;
				CLANG_WARN_UNGUARDED_AVAILABILITY = YES_AGGRESSIVE;
				CLANG_WARN_UNREACHABLE_CODE = YES;
				CLANG_WARN__DUPLICATE_METHOD_MATCH = YES;
				COPY_PHASE_STRIP = NO;
				DEBUG_INFORMATION_FORMAT = "dwarf-with-dsym";
				ENABLE_NS_ASSERTIONS = NO;
				ENABLE_STRICT_OBJC_MSGSEND = YES;
				GCC_C_LANGUAGE_STANDARD = gnu11;
				GCC_NO_COMMON_BLOCKS = YES;
				GCC_WARN_64_TO_32_BIT_CONVERSION = YES;
				GCC_WARN_ABOUT_RETURN_TYPE = YES_ERROR;
				GCC_WARN_UNDECLARED_SELECTOR = YES;
				GCC_WARN_UNINITIALIZED_AUTOS = YES_AGGRESSIVE;
				GCC_WARN_UNUSED_FUNCTION = YES;
				GCC_WARN_UNUSED_VARIABLE = YES;
				IPHONEOS_DEPLOYMENT_TARGET = 15.2;
				MTL_ENABLE_DEBUG_INFO = NO;
				MTL_FAST_MATH = YES;
				SDKROOT = iphoneos;
				SWIFT_COMPILATION_MODE = wholemodule;
				SWIFT_OPTIMIZATION_LEVEL = "-O";
				VALIDATE_PRODUCT = YES;
			};
			name = Release;
		};
		757B93872793D75400DC0E42 /* Debug */ = {
			isa = XCBuildConfiguration;
			buildSettings = {
				ASSETCATALOG_COMPILER_APPICON_NAME = AppIcon;
				ASSETCATALOG_COMPILER_GLOBAL_ACCENT_COLOR_NAME = AccentColor;
				CODE_SIGN_STYLE = Automatic;
				CURRENT_PROJECT_VERSION = 1;
				DEVELOPMENT_ASSET_PATHS = "\"Pathway/Preview Content\"";
				DEVELOPMENT_TEAM = WKMWR44XGN;
				ENABLE_PREVIEWS = YES;
				GENERATE_INFOPLIST_FILE = YES;
				INFOPLIST_FILE = Pathway/Info.plist;
				INFOPLIST_KEY_NSMainNibFile = Main;
				INFOPLIST_KEY_UIApplicationSceneManifest_Generation = YES;
				INFOPLIST_KEY_UIApplicationSupportsIndirectInputEvents = YES;
				INFOPLIST_KEY_UILaunchScreen_Generation = YES;
				INFOPLIST_KEY_UISupportedInterfaceOrientations_iPad = "UIInterfaceOrientationPortrait UIInterfaceOrientationPortraitUpsideDown UIInterfaceOrientationLandscapeLeft UIInterfaceOrientationLandscapeRight";
				INFOPLIST_KEY_UISupportedInterfaceOrientations_iPhone = "UIInterfaceOrientationPortrait UIInterfaceOrientationLandscapeLeft UIInterfaceOrientationLandscapeRight";
				LD_RUNPATH_SEARCH_PATHS = (
					"$(inherited)",
					"@executable_path/Frameworks",
				);
				MARKETING_VERSION = 1.0;
				PRODUCT_BUNDLE_IDENTIFIER = com.deaafayyad.Pathway;
				PRODUCT_NAME = "$(TARGET_NAME)";
				SWIFT_EMIT_LOC_STRINGS = YES;
				SWIFT_VERSION = 5.0;
				TARGETED_DEVICE_FAMILY = "1,2";
			};
			name = Debug;
		};
		757B93882793D75400DC0E42 /* Release */ = {
			isa = XCBuildConfiguration;
			buildSettings = {
				ASSETCATALOG_COMPILER_APPICON_NAME = AppIcon;
				ASSETCATALOG_COMPILER_GLOBAL_ACCENT_COLOR_NAME = AccentColor;
				CODE_SIGN_STYLE = Automatic;
				CURRENT_PROJECT_VERSION = 1;
				DEVELOPMENT_ASSET_PATHS = "\"Pathway/Preview Content\"";
				DEVELOPMENT_TEAM = WKMWR44XGN;
				ENABLE_PREVIEWS = YES;
				GENERATE_INFOPLIST_FILE = YES;
				INFOPLIST_FILE = Pathway/Info.plist;
				INFOPLIST_KEY_NSMainNibFile = Main;
				INFOPLIST_KEY_UIApplicationSceneManifest_Generation = YES;
				INFOPLIST_KEY_UIApplicationSupportsIndirectInputEvents = YES;
				INFOPLIST_KEY_UILaunchScreen_Generation = YES;
				INFOPLIST_KEY_UISupportedInterfaceOrientations_iPad = "UIInterfaceOrientationPortrait UIInterfaceOrientationPortraitUpsideDown UIInterfaceOrientationLandscapeLeft UIInterfaceOrientationLandscapeRight";
				INFOPLIST_KEY_UISupportedInterfaceOrientations_iPhone = "UIInterfaceOrientationPortrait UIInterfaceOrientationLandscapeLeft UIInterfaceOrientationLandscapeRight";
				LD_RUNPATH_SEARCH_PATHS = (
					"$(inherited)",
					"@executable_path/Frameworks",
				);
				MARKETING_VERSION = 1.0;
				PRODUCT_BUNDLE_IDENTIFIER = com.deaafayyad.Pathway;
				PRODUCT_NAME = "$(TARGET_NAME)";
				SWIFT_EMIT_LOC_STRINGS = YES;
				SWIFT_VERSION = 5.0;
				TARGETED_DEVICE_FAMILY = "1,2";
			};
			name = Release;
		};
/* End XCBuildConfiguration section */

/* Begin XCConfigurationList section */
		757B93732793D75300DC0E42 /* Build configuration list for PBXProject "Pathway" */ = {
			isa = XCConfigurationList;
			buildConfigurations = (
				757B93842793D75400DC0E42 /* Debug */,
				757B93852793D75400DC0E42 /* Release */,
			);
			defaultConfigurationIsVisible = 0;
			defaultConfigurationName = Release;
		};
		757B93862793D75400DC0E42 /* Build configuration list for PBXNativeTarget "Pathway" */ = {
			isa = XCConfigurationList;
			buildConfigurations = (
				757B93872793D75400DC0E42 /* Debug */,
				757B93882793D75400DC0E42 /* Release */,
			);
			defaultConfigurationIsVisible = 0;
			defaultConfigurationName = Release;
		};
/* End XCConfigurationList section */

/* Begin XCVersionGroup section */
		755FD558284DD967009BE2A7 /* TestModel.xcdatamodeld */ = {
			isa = XCVersionGroup;
			children = (
				755FD559284DD967009BE2A7 /* TestModel.xcdatamodel */,
			);
			currentVersion = 755FD559284DD967009BE2A7 /* TestModel.xcdatamodel */;
			path = TestModel.xcdatamodeld;
			sourceTree = "<group>";
			versionGroupType = wrapper.xcdatamodel;
		};
/* End XCVersionGroup section */
	};
	rootObject = 757B93702793D75300DC0E42 /* Project object */;
}
